
Microsoft Visual Studio Solution File, Format Version 12.00
# Visual Studio 15
VisualStudioVersion = 15.0.28010.2048
MinimumVisualStudioVersion = 10.0.40219.1
Project("{FAE04EC0-301F-11D3-BF4B-00C04F79EFBC}") = "ConsoleApp1", "ConsoleApp1\ConsoleApp1.csproj", "{E254DB13-DD8E-40E9-9D93-D25CF2E736AE}"
EndProject
Global
	GlobalSection(SolutionConfigurationPlatforms) = preSolution
		Debug|Any CPU = Debug|Any CPU
		Release|Any CPU = Release|Any CPU
	EndGlobalSection
	GlobalSection(ProjectConfigurationPlatforms) = postSolution
		{E254DB13-DD8E-40E9-9D93-D25CF2E736AE}.Debug|Any CPU.ActiveCfg = Debug|Any CPU
		{E254DB13-DD8E-40E9-9D93-D25CF2E736AE}.Debug|Any CPU.Build.0 = Debug|Any CPU
		{E254DB13-DD8E-40E9-9D93-D25CF2E736AE}.Release|Any CPU.ActiveCfg = Release|Any CPU
		{E254DB13-DD8E-40E9-9D93-D25CF2E736AE}.Release|Any CPU.Build.0 = Release|Any CPU
	EndGlobalSection
	GlobalSection(SolutionProperties) = preSolution
		HideSolutionNode = FALSE
	EndGlobalSection
	GlobalSection(ExtensibilityGlobals) = postSolution
		SolutionGuid = {A4D1DE9B-4216-48C4-8293-688A8E935985}
	EndGlobalSection
EndGlobal
